Microsoft Visual Studio Solution File, Format Version 11.00
# Visual Studio 2008

Project("{71ECA672-1293-DE5F-D2F7-91554CCD2C37}") = "VRMovieTheater", "Assembly-CSharp.csproj", "{F4458D91-5F25-C579-6F50-5C7A167BC3C0}"
EndProject
Project("{71ECA672-1293-DE5F-D2F7-91554CCD2C37}") = "VRMovieTheater", "Assembly-CSharp-Editor.csproj", "{85DCCBE2-82A5-49AA-36A8-8F6BE70B4AAD}"
EndProject
Global
	GlobalSection(SolutionConfigurationPlatforms) = preSolution
		Debug|Any CPU = Debug|Any CPU
		Release|Any CPU = Release|Any CPU
	EndGlobalSection
	GlobalSection(ProjectConfigurationPlatforms) = postSolution
		{F4458D91-5F25-C579-6F50-5C7A167BC3C0}.Debug|Any CPU.ActiveCfg = Debug|Any CPU
		{F4458D91-5F25-C579-6F50-5C7A167BC3C0}.Debug|Any CPU.Build.0 = Debug|Any CPU
		{F4458D91-5F25-C579-6F50-5C7A167BC3C0}.Release|Any CPU.ActiveCfg = Release|Any CPU
		{F4458D91-5F25-C579-6F50-5C7A167BC3C0}.Release|Any CPU.Build.0 = Release|Any CPU
		{85DCCBE2-82A5-49AA-36A8-8F6BE70B4AAD}.Debug|Any CPU.ActiveCfg = Debug|Any CPU
		{85DCCBE2-82A5-49AA-36A8-8F6BE70B4AAD}.Debug|Any CPU.Build.0 = Debug|Any CPU
		{85DCCBE2-82A5-49AA-36A8-8F6BE70B4AAD}.Release|Any CPU.ActiveCfg = Release|Any CPU
		{85DCCBE2-82A5-49AA-36A8-8F6BE70B4AAD}.Release|Any CPU.Build.0 = Release|Any CPU
	EndGlobalSection
	GlobalSection(SolutionProperties) = preSolution
		HideSolutionNode = FALSE
	EndGlobalSection
	GlobalSection(MonoDevelopProperties) = preSolution
		StartupItem = Assembly-CSharp.csproj
	EndGlobalSection
EndGlobal
